
Microsoft Visual Studio Solution File, Format Version 12.00
# Visual Studio Version 17
VisualStudioVersion = 17.14.36127.28 d17.14
MinimumVisualStudioVersion = 10.0.40219.1
Project("{FAE04EC0-301F-11D3-BF4B-00C04F79EFBC}") = "FizzBuzzConsole", "FizzBuzzConsole\FizzBuzzConsole.csproj", "{AD01C10C-62B3-4D86-A6E6-16EB1DF25B1E}"
EndProject
Project("{FAE04EC0-301F-11D3-BF4B-00C04F79EFBC}") = "FizzBuzzTests", "FizzBuzzTests\FizzBuzzTests.csproj", "{7EF20BE5-7362-4337-86CB-670AA42BDC19}"
EndProject
Global
	GlobalSection(SolutionConfigurationPlatforms) = preSolution
		Debug|Any CPU = Debug|Any CPU
		Release|Any CPU = Release|Any CPU
	EndGlobalSection
	GlobalSection(ProjectConfigurationPlatforms) = postSolution
		{AD01C10C-62B3-4D86-A6E6-16EB1DF25B1E}.Debug|Any CPU.ActiveCfg = Debug|Any CPU
		{AD01C10C-62B3-4D86-A6E6-16EB1DF25B1E}.Debug|Any CPU.Build.0 = Debug|Any CPU
		{AD01C10C-62B3-4D86-A6E6-16EB1DF25B1E}.Release|Any CPU.ActiveCfg = Release|Any CPU
		{AD01C10C-62B3-4D86-A6E6-16EB1DF25B1E}.Release|Any CPU.Build.0 = Release|Any CPU
		{7EF20BE5-7362-4337-86CB-670AA42BDC19}.Debug|Any CPU.ActiveCfg = Debug|Any CPU
		{7EF20BE5-7362-4337-86CB-670AA42BDC19}.Debug|Any CPU.Build.0 = Debug|Any CPU
		{7EF20BE5-7362-4337-86CB-670AA42BDC19}.Release|Any CPU.ActiveCfg = Release|Any CPU
		{7EF20BE5-7362-4337-86CB-670AA42BDC19}.Release|Any CPU.Build.0 = Release|Any CPU
	EndGlobalSection
	GlobalSection(SolutionProperties) = preSolution
		HideSolutionNode = FALSE
	EndGlobalSection
	GlobalSection(ExtensibilityGlobals) = postSolution
		SolutionGuid = {CC2BE231-D3A6-4E91-BE05-5E32B70B6171}
	EndGlobalSection
EndGlobal
